
Microsoft Visual Studio Solution File, Format Version 12.00
# Visual Studio Version 17
VisualStudioVersion = 17.10.34928.147
MinimumVisualStudioVersion = 10.0.40219.1
Project("{9A19103F-16F7-4668-BE54-9A1E7A4F7556}") = "challenges", "challenges\challenges.csproj", "{A814DCCB-0601-4A43-A5BA-CFA227639FC2}"
EndProject
Project("{2150E333-8FDC-42A3-9474-1A3956D46DE8}") = "Solution Items", "Solution Items", "{90681730-930B-4724-80C3-363AAC98EE86}"
	ProjectSection(SolutionItems) = preProject
		README.md = README.md
	EndProjectSection
EndProject
Project("{9A19103F-16F7-4668-BE54-9A1E7A4F7556}") = "Common-Elements-test", "Common-Elements-test\Common-Elements-test.csproj", "{6AF67F33-17FE-4C11-AF0C-BFB7390E6DB7}"
EndProject
Project("{9A19103F-16F7-4668-BE54-9A1E7A4F7556}") = "Reverse-Words-test", "Reverse-Words-test\Reverse-Words-test.csproj", "{E355A3FF-A4F6-4A4B-898F-AB9897077B42}"
EndProject
Project("{9A19103F-16F7-4668-BE54-9A1E7A4F7556}") = "Linked-List-test", "Linked-List-test\Linked-List-test.csproj", "{719408C0-A286-487B-9A80-1603F08D660E}"
EndProject
Project("{9A19103F-16F7-4668-BE54-9A1E7A4F7556}") = "RemoveDuplicatesTests", "RemoveDuplicatesTests\RemoveDuplicatesTests.csproj", "{8A7E94ED-F692-4E78-B6BD-FF5DCB49A429}"
EndProject
Project("{9A19103F-16F7-4668-BE54-9A1E7A4F7556}") = "MergeSortedLinkedListsTest", "MergeSortedLinkedListsTest\MergeSortedLinkedListsTest.csproj", "{9569E9F9-302B-4627-B620-AD7A55B64124}"
EndProject
Project("{9A19103F-16F7-4668-BE54-9A1E7A4F7556}") = "StackandQueueTest", "StackandQueueTest\StackandQueueTest.csproj", "{16B848CB-3E3C-4FE6-8644-9502BDD041F3}"
EndProject
Project("{9A19103F-16F7-4668-BE54-9A1E7A4F7556}") = "ReverseaStackusingQueueTest", "ReverseaStackusingQueueTest\ReverseaStackusingQueueTest.csproj", "{A855E224-0884-4D38-A8A8-AFAC0E73A756}"
EndProject
Project("{FAE04EC0-301F-11D3-BF4B-00C04F79EFBC}") = "DeleteMiddleElementofaStackTest", "DeleteMiddleElementofaStackTest\DeleteMiddleElementofaStackTest.csproj", "{0987B80F-1219-4C31-8E36-840E017FA5ED}"
EndProject
Global
	GlobalSection(SolutionConfigurationPlatforms) = preSolution
		Debug|Any CPU = Debug|Any CPU
		Release|Any CPU = Release|Any CPU
	EndGlobalSection
	GlobalSection(ProjectConfigurationPlatforms) = postSolution
		{A814DCCB-0601-4A43-A5BA-CFA227639FC2}.Debug|Any CPU.ActiveCfg = Debug|Any CPU
		{A814DCCB-0601-4A43-A5BA-CFA227639FC2}.Debug|Any CPU.Build.0 = Debug|Any CPU
		{A814DCCB-0601-4A43-A5BA-CFA227639FC2}.Release|Any CPU.ActiveCfg = Release|Any CPU
		{A814DCCB-0601-4A43-A5BA-CFA227639FC2}.Release|Any CPU.Build.0 = Release|Any CPU
		{6AF67F33-17FE-4C11-AF0C-BFB7390E6DB7}.Debug|Any CPU.ActiveCfg = Debug|Any CPU
		{6AF67F33-17FE-4C11-AF0C-BFB7390E6DB7}.Debug|Any CPU.Build.0 = Debug|Any CPU
		{6AF67F33-17FE-4C11-AF0C-BFB7390E6DB7}.Release|Any CPU.ActiveCfg = Release|Any CPU
		{6AF67F33-17FE-4C11-AF0C-BFB7390E6DB7}.Release|Any CPU.Build.0 = Release|Any CPU
		{E355A3FF-A4F6-4A4B-898F-AB9897077B42}.Debug|Any CPU.ActiveCfg = Debug|Any CPU
		{E355A3FF-A4F6-4A4B-898F-AB9897077B42}.Debug|Any CPU.Build.0 = Debug|Any CPU
		{E355A3FF-A4F6-4A4B-898F-AB9897077B42}.Release|Any CPU.ActiveCfg = Release|Any CPU
		{E355A3FF-A4F6-4A4B-898F-AB9897077B42}.Release|Any CPU.Build.0 = Release|Any CPU
		{719408C0-A286-487B-9A80-1603F08D660E}.Debug|Any CPU.ActiveCfg = Debug|Any CPU
		{719408C0-A286-487B-9A80-1603F08D660E}.Debug|Any CPU.Build.0 = Debug|Any CPU
		{719408C0-A286-487B-9A80-1603F08D660E}.Release|Any CPU.ActiveCfg = Release|Any CPU
		{719408C0-A286-487B-9A80-1603F08D660E}.Release|Any CPU.Build.0 = Release|Any CPU
		{8A7E94ED-F692-4E78-B6BD-FF5DCB49A429}.Debug|Any CPU.ActiveCfg = Debug|Any CPU
		{8A7E94ED-F692-4E78-B6BD-FF5DCB49A429}.Debug|Any CPU.Build.0 = Debug|Any CPU
		{8A7E94ED-F692-4E78-B6BD-FF5DCB49A429}.Release|Any CPU.ActiveCfg = Release|Any CPU
		{8A7E94ED-F692-4E78-B6BD-FF5DCB49A429}.Release|Any CPU.Build.0 = Release|Any CPU
		{9569E9F9-302B-4627-B620-AD7A55B64124}.Debug|Any CPU.ActiveCfg = Debug|Any CPU
		{9569E9F9-302B-4627-B620-AD7A55B64124}.Debug|Any CPU.Build.0 = Debug|Any CPU
		{9569E9F9-302B-4627-B620-AD7A55B64124}.Release|Any CPU.ActiveCfg = Release|Any CPU
		{9569E9F9-302B-4627-B620-AD7A55B64124}.Release|Any CPU.Build.0 = Release|Any CPU
		{16B848CB-3E3C-4FE6-8644-9502BDD041F3}.Debug|Any CPU.ActiveCfg = Debug|Any CPU
		{16B848CB-3E3C-4FE6-8644-9502BDD041F3}.Debug|Any CPU.Build.0 = Debug|Any CPU
		{16B848CB-3E3C-4FE6-8644-9502BDD041F3}.Release|Any CPU.ActiveCfg = Release|Any CPU
		{16B848CB-3E3C-4FE6-8644-9502BDD041F3}.Release|Any CPU.Build.0 = Release|Any CPU
		{A855E224-0884-4D38-A8A8-AFAC0E73A756}.Debug|Any CPU.ActiveCfg = Debug|Any CPU
		{A855E224-0884-4D38-A8A8-AFAC0E73A756}.Debug|Any CPU.Build.0 = Debug|Any CPU
		{A855E224-0884-4D38-A8A8-AFAC0E73A756}.Release|Any CPU.ActiveCfg = Release|Any CPU
		{A855E224-0884-4D38-A8A8-AFAC0E73A756}.Release|Any CPU.Build.0 = Release|Any CPU
		{0987B80F-1219-4C31-8E36-840E017FA5ED}.Debug|Any CPU.ActiveCfg = Debug|Any CPU
		{0987B80F-1219-4C31-8E36-840E017FA5ED}.Debug|Any CPU.Build.0 = Debug|Any CPU
		{0987B80F-1219-4C31-8E36-840E017FA5ED}.Release|Any CPU.ActiveCfg = Release|Any CPU
		{0987B80F-1219-4C31-8E36-840E017FA5ED}.Release|Any CPU.Build.0 = Release|Any CPU
	EndGlobalSection
	GlobalSection(SolutionProperties) = preSolution
		HideSolutionNode = FALSE
	EndGlobalSection
	GlobalSection(ExtensibilityGlobals) = postSolution
		SolutionGuid = {E3F29577-DC57-40E6-BF30-A945DB909BDE}
	EndGlobalSection
EndGlobal
